
Microsoft Visual Studio Solution File, Format Version 12.00
# Visual Studio Version 17
VisualStudioVersion = 17.0.31919.166
MinimumVisualStudioVersion = 10.0.40219.1
Project("{FAE04EC0-301F-11D3-BF4B-00C04F79EFBC}") = "Lab3", "Lab3\Lab3.csproj", "{F612B3C4-DF36-4C90-A7E0-E34EBB4785EC}"
EndProject
Global
	GlobalSection(SolutionConfigurationPlatforms) = preSolution
		Debug|Any CPU = Debug|Any CPU
		Release|Any CPU = Release|Any CPU
	EndGlobalSection
	GlobalSection(ProjectConfigurationPlatforms) = postSolution
		{F612B3C4-DF36-4C90-A7E0-E34EBB4785EC}.Debug|Any CPU.ActiveCfg = Debug|Any CPU
		{F612B3C4-DF36-4C90-A7E0-E34EBB4785EC}.Debug|Any CPU.Build.0 = Debug|Any CPU
		{F612B3C4-DF36-4C90-A7E0-E34EBB4785EC}.Release|Any CPU.ActiveCfg = Release|Any CPU
		{F612B3C4-DF36-4C90-A7E0-E34EBB4785EC}.Release|Any CPU.Build.0 = Release|Any CPU
	EndGlobalSection
	GlobalSection(SolutionProperties) = preSolution
		HideSolutionNode = FALSE
	EndGlobalSection
	GlobalSection(ExtensibilityGlobals) = postSolution
		SolutionGuid = {0DE29EB8-EE51-4F1C-BFD7-0CBB102D5B4D}
	EndGlobalSection
EndGlobal
